
Microsoft Visual Studio Solution File, Format Version 12.00
# Visual Studio Version 17
VisualStudioVersion = 17.0.31903.59
MinimumVisualStudioVersion = 10.0.40219.1
Project("{2150E333-8FDC-42A3-9474-1A3956D46DE8}") = "01 - Presentation", "01 - Presentation", "{618E872D-C56C-4B20-8CFC-B476E4C883A6}"
EndProject
Project("{2150E333-8FDC-42A3-9474-1A3956D46DE8}") = "02 - Domain", "02 - Domain", "{C9049B52-F263-4FD6-8FCB-E47F6D2CD953}"
EndProject
Project("{2150E333-8FDC-42A3-9474-1A3956D46DE8}") = "03 - Infra", "03 - Infra", "{D7D9AA3C-14CE-4CCE-816E-2A500E8683F0}"
EndProject
Project("{2150E333-8FDC-42A3-9474-1A3956D46DE8}") = "04 - CrossCutting", "04 - CrossCutting", "{C66919F5-392B-4316-84F2-E50143844DAF}"
EndProject
Project("{2150E333-8FDC-42A3-9474-1A3956D46DE8}") = "06 - Tests", "06 - Tests", "{114FEED3-2004-4009-9577-0B78E6862A2F}"
EndProject
Project("{2150E333-8FDC-42A3-9474-1A3956D46DE8}") = "07 - Itens", "07 - Itens", "{F73BEA13-9C97-4E7A-88C9-03B48C8DBBE1}"
EndProject
Project("{FAE04EC0-301F-11D3-BF4B-00C04F79EFBC}") = "BaconBA.API", "src\BancoBA.API\BaconBA.API.csproj", "{935B4239-178D-43C2-952F-52BDBAE7B7A7}"
EndProject
Project("{FAE04EC0-301F-11D3-BF4B-00C04F79EFBC}") = "BaconBA.Domain", "src\BaconBA.Domain\BaconBA.Domain.csproj", "{B7D74956-D382-45E8-B4E9-04DD6FB83D39}"
EndProject
Project("{FAE04EC0-301F-11D3-BF4B-00C04F79EFBC}") = "BaconBA.Data", "src\BaconBA.Data\BaconBA.Data.csproj", "{087233B0-93F2-4ED2-B33C-7192DF9DA828}"
EndProject
Project("{FAE04EC0-301F-11D3-BF4B-00C04F79EFBC}") = "BaconBA.Shared", "src\BaconBA.Shared\BaconBA.Shared.csproj", "{FB313554-E182-4EEA-8C65-B19933B08049}"
EndProject
Project("{FAE04EC0-301F-11D3-BF4B-00C04F79EFBC}") = "BaconBA.IoC", "src\BaconBA.IoC\BaconBA.IoC.csproj", "{AD786958-5ECB-45D5-B96E-1F99EFDD1BD0}"
EndProject
Project("{FAE04EC0-301F-11D3-BF4B-00C04F79EFBC}") = "BaconBA.API.Tests", "tests\BaconBA.API.Tests\BaconBA.API.Tests.csproj", "{866BA487-1EB0-4EE1-8F5B-DE8C8B8AA830}"
EndProject
Project("{FAE04EC0-301F-11D3-BF4B-00C04F79EFBC}") = "BaconBA.Domain.Tests", "tests\BaconBA.Domain.Tests\BaconBA.Domain.Tests.csproj", "{5F456AC5-DA2A-45CF-BEAD-CE0978D47ABC}"
EndProject
Project("{FAE04EC0-301F-11D3-BF4B-00C04F79EFBC}") = "BaconBA.Data.Tests", "tests\BaconBA.Data.Tests\BaconBA.Data.Tests.csproj", "{ECB50321-08A3-4F4B-B6F6-BC137C210C11}"
EndProject
Global
	GlobalSection(SolutionConfigurationPlatforms) = preSolution
		Debug|Any CPU = Debug|Any CPU
		Release|Any CPU = Release|Any CPU
	EndGlobalSection
	GlobalSection(ProjectConfigurationPlatforms) = postSolution
		{935B4239-178D-43C2-952F-52BDBAE7B7A7}.Debug|Any CPU.ActiveCfg = Debug|Any CPU
		{935B4239-178D-43C2-952F-52BDBAE7B7A7}.Debug|Any CPU.Build.0 = Debug|Any CPU
		{935B4239-178D-43C2-952F-52BDBAE7B7A7}.Release|Any CPU.ActiveCfg = Release|Any CPU
		{935B4239-178D-43C2-952F-52BDBAE7B7A7}.Release|Any CPU.Build.0 = Release|Any CPU
		{B7D74956-D382-45E8-B4E9-04DD6FB83D39}.Debug|Any CPU.ActiveCfg = Debug|Any CPU
		{B7D74956-D382-45E8-B4E9-04DD6FB83D39}.Debug|Any CPU.Build.0 = Debug|Any CPU
		{B7D74956-D382-45E8-B4E9-04DD6FB83D39}.Release|Any CPU.ActiveCfg = Release|Any CPU
		{B7D74956-D382-45E8-B4E9-04DD6FB83D39}.Release|Any CPU.Build.0 = Release|Any CPU
		{087233B0-93F2-4ED2-B33C-7192DF9DA828}.Debug|Any CPU.ActiveCfg = Debug|Any CPU
		{087233B0-93F2-4ED2-B33C-7192DF9DA828}.Debug|Any CPU.Build.0 = Debug|Any CPU
		{087233B0-93F2-4ED2-B33C-7192DF9DA828}.Release|Any CPU.ActiveCfg = Release|Any CPU
		{087233B0-93F2-4ED2-B33C-7192DF9DA828}.Release|Any CPU.Build.0 = Release|Any CPU
		{FB313554-E182-4EEA-8C65-B19933B08049}.Debug|Any CPU.ActiveCfg = Debug|Any CPU
		{FB313554-E182-4EEA-8C65-B19933B08049}.Debug|Any CPU.Build.0 = Debug|Any CPU
		{FB313554-E182-4EEA-8C65-B19933B08049}.Release|Any CPU.ActiveCfg = Release|Any CPU
		{FB313554-E182-4EEA-8C65-B19933B08049}.Release|Any CPU.Build.0 = Release|Any CPU
		{AD786958-5ECB-45D5-B96E-1F99EFDD1BD0}.Debug|Any CPU.ActiveCfg = Debug|Any CPU
		{AD786958-5ECB-45D5-B96E-1F99EFDD1BD0}.Debug|Any CPU.Build.0 = Debug|Any CPU
		{AD786958-5ECB-45D5-B96E-1F99EFDD1BD0}.Release|Any CPU.ActiveCfg = Release|Any CPU
		{AD786958-5ECB-45D5-B96E-1F99EFDD1BD0}.Release|Any CPU.Build.0 = Release|Any CPU
		{866BA487-1EB0-4EE1-8F5B-DE8C8B8AA830}.Debug|Any CPU.ActiveCfg = Debug|Any CPU
		{866BA487-1EB0-4EE1-8F5B-DE8C8B8AA830}.Debug|Any CPU.Build.0 = Debug|Any CPU
		{866BA487-1EB0-4EE1-8F5B-DE8C8B8AA830}.Release|Any CPU.ActiveCfg = Release|Any CPU
		{866BA487-1EB0-4EE1-8F5B-DE8C8B8AA830}.Release|Any CPU.Build.0 = Release|Any CPU
		{5F456AC5-DA2A-45CF-BEAD-CE0978D47ABC}.Debug|Any CPU.ActiveCfg = Debug|Any CPU
		{5F456AC5-DA2A-45CF-BEAD-CE0978D47ABC}.Debug|Any CPU.Build.0 = Debug|Any CPU
		{5F456AC5-DA2A-45CF-BEAD-CE0978D47ABC}.Release|Any CPU.ActiveCfg = Release|Any CPU
		{5F456AC5-DA2A-45CF-BEAD-CE0978D47ABC}.Release|Any CPU.Build.0 = Release|Any CPU
		{ECB50321-08A3-4F4B-B6F6-BC137C210C11}.Debug|Any CPU.ActiveCfg = Debug|Any CPU
		{ECB50321-08A3-4F4B-B6F6-BC137C210C11}.Debug|Any CPU.Build.0 = Debug|Any CPU
		{ECB50321-08A3-4F4B-B6F6-BC137C210C11}.Release|Any CPU.ActiveCfg = Release|Any CPU
		{ECB50321-08A3-4F4B-B6F6-BC137C210C11}.Release|Any CPU.Build.0 = Release|Any CPU
	EndGlobalSection
	GlobalSection(SolutionProperties) = preSolution
		HideSolutionNode = FALSE
	EndGlobalSection
	GlobalSection(NestedProjects) = preSolution
		{935B4239-178D-43C2-952F-52BDBAE7B7A7} = {618E872D-C56C-4B20-8CFC-B476E4C883A6}
		{B7D74956-D382-45E8-B4E9-04DD6FB83D39} = {C9049B52-F263-4FD6-8FCB-E47F6D2CD953}
		{087233B0-93F2-4ED2-B33C-7192DF9DA828} = {D7D9AA3C-14CE-4CCE-816E-2A500E8683F0}
		{FB313554-E182-4EEA-8C65-B19933B08049} = {C66919F5-392B-4316-84F2-E50143844DAF}
		{AD786958-5ECB-45D5-B96E-1F99EFDD1BD0} = {C66919F5-392B-4316-84F2-E50143844DAF}
		{866BA487-1EB0-4EE1-8F5B-DE8C8B8AA830} = {114FEED3-2004-4009-9577-0B78E6862A2F}
		{5F456AC5-DA2A-45CF-BEAD-CE0978D47ABC} = {114FEED3-2004-4009-9577-0B78E6862A2F}
		{ECB50321-08A3-4F4B-B6F6-BC137C210C11} = {114FEED3-2004-4009-9577-0B78E6862A2F}
	EndGlobalSection
	GlobalSection(ExtensibilityGlobals) = postSolution
		SolutionGuid = {972B0885-89E2-41F2-AF29-1A52DECB24FF}
	EndGlobalSection
EndGlobal
